{
  "name": "decaesar",
  "version": "1.0.0",
  "lockfileVersion": 2,
  "requires": true,
  "packages": {
    "": {
      "name": "decaesar",
      "version": "1.0.0",
      "license": "ISC",
      "dependencies": {
        "alphabet": "^1.0.0"
      }
    },
    "node_modules/alphabet": {
      "version": "1.0.0",
      "resolved": "https://registry.npmjs.org/alphabet/-/alphabet-1.0.0.tgz",
      "integrity": "sha1-DY+Byj94NVEm1yTRRUh+Hk7zd8A=",
      "engines": {
        "node": ">=0.10.0"
      }
    }
  },
  "dependencies": {
    "alphabet": {
      "version": "1.0.0",
      "resolved": "https://registry.npmjs.org/alphabet/-/alphabet-1.0.0.tgz",
      "integrity": "sha1-DY+Byj94NVEm1yTRRUh+Hk7zd8A="
    }
  }
}
